// !$*UTF8*$!
{
	archiveVersion = 1;
	classes = {
	};
	objectVersion = 56;
	objects = {

/* Begin PBXBuildFile section */
		168CE542292CB71A008EEC67 /* Sool.swift in Sources */ = {isa = PBXBuildFile; fileRef = 168CE541292CB71A008EEC67 /* Sool.swift */; };
		168CE544292CB7BA008EEC67 /* loadJson.swift in Sources */ = {isa = PBXBuildFile; fileRef = 168CE543292CB7BA008EEC67 /* loadJson.swift */; };
		16E0AB00294220AD0041DEF8 /* FirebaseAuth in Frameworks */ = {isa = PBXBuildFile; productRef = 16E0AAFF294220AD0041DEF8 /* FirebaseAuth */; };
		16E0AB02294220AD0041DEF8 /* FirebaseDatabase in Frameworks */ = {isa = PBXBuildFile; productRef = 16E0AB01294220AD0041DEF8 /* FirebaseDatabase */; };
		16E0AB04294220AD0041DEF8 /* FirebaseDatabaseSwift in Frameworks */ = {isa = PBXBuildFile; productRef = 16E0AB03294220AD0041DEF8 /* FirebaseDatabaseSwift */; };
		16E0AB06294220AD0041DEF8 /* FirebaseFirestore in Frameworks */ = {isa = PBXBuildFile; productRef = 16E0AB05294220AD0041DEF8 /* FirebaseFirestore */; };
		16E0AB09294222190041DEF8 /* GoogleSignIn in Frameworks */ = {isa = PBXBuildFile; productRef = 16E0AB08294222190041DEF8 /* GoogleSignIn */; };
		16E0AB0B294222190041DEF8 /* GoogleSignInSwift in Frameworks */ = {isa = PBXBuildFile; productRef = 16E0AB0A294222190041DEF8 /* GoogleSignInSwift */; };
		16E0AB0D294223E80041DEF8 /* GoogleService-Info.plist in Resources */ = {isa = PBXBuildFile; fileRef = 16E0AB0C294223E80041DEF8 /* GoogleService-Info.plist */; };
		16E0AB11294224C00041DEF8 /* AuthenticationViewModel.swift in Sources */ = {isa = PBXBuildFile; fileRef = 16E0AB10294224C00041DEF8 /* AuthenticationViewModel.swift */; };
		16E0AB132942257B0041DEF8 /* LoginView.swift in Sources */ = {isa = PBXBuildFile; fileRef = 16E0AB122942257B0041DEF8 /* LoginView.swift */; };
		16E39A80293633E300D3D187 /* SoolCard.swift in Sources */ = {isa = PBXBuildFile; fileRef = 16E39A7F293633E300D3D187 /* SoolCard.swift */; };
		2053B56129069F60001F6C4C /* SoolSoolSoolApp.swift in Sources */ = {isa = PBXBuildFile; fileRef = 2053B56029069F60001F6C4C /* SoolSoolSoolApp.swift */; };
		2053B56329069F60001F6C4C /* ContentView.swift in Sources */ = {isa = PBXBuildFile; fileRef = 2053B56229069F60001F6C4C /* ContentView.swift */; };
		2053B56529069F62001F6C4C /* Assets.xcassets in Resources */ = {isa = PBXBuildFile; fileRef = 2053B56429069F62001F6C4C /* Assets.xcassets */; };
		2053B56829069F62001F6C4C /* Preview Assets.xcassets in Resources */ = {isa = PBXBuildFile; fileRef = 2053B56729069F62001F6C4C /* Preview Assets.xcassets */; };
/* End PBXBuildFile section */

/* Begin PBXFileReference section */
		168CE541292CB71A008EEC67 /* Sool.swift */ = {isa = PBXFileReference; lastKnownFileType = sourcecode.swift; path = Sool.swift; sourceTree = "<group>"; };
		168CE543292CB7BA008EEC67 /* loadJson.swift */ = {isa = PBXFileReference; lastKnownFileType = sourcecode.swift; path = loadJson.swift; sourceTree = "<group>"; };
		16E0AB0C294223E80041DEF8 /* GoogleService-Info.plist */ = {isa = PBXFileReference; fileEncoding = 4; lastKnownFileType = text.plist.xml; path = "GoogleService-Info.plist"; sourceTree = "<group>"; };
		16E0AB0E294223F60041DEF8 /* Info.plist */ = {isa = PBXFileReference; lastKnownFileType = text.plist; path = Info.plist; sourceTree = "<group>"; };
		16E0AB10294224C00041DEF8 /* AuthenticationViewModel.swift */ = {isa = PBXFileReference; lastKnownFileType = sourcecode.swift; path = AuthenticationViewModel.swift; sourceTree = "<group>"; };
		16E0AB122942257B0041DEF8 /* LoginView.swift */ = {isa = PBXFileReference; lastKnownFileType = sourcecode.swift; path = LoginView.swift; sourceTree = "<group>"; };
		16E39A7F293633E300D3D187 /* SoolCard.swift */ = {isa = PBXFileReference; lastKnownFileType = sourcecode.swift; path = SoolCard.swift; sourceTree = "<group>"; };
		2053B55D29069F60001F6C4C /* SoolSoolSool.app */ = {isa = PBXFileReference; explicitFileType = wrapper.application; includeInIndex = 0; path = SoolSoolSool.app; sourceTree = BUILT_PRODUCTS_DIR; };
		2053B56029069F60001F6C4C /* SoolSoolSoolApp.swift */ = {isa = PBXFileReference; lastKnownFileType = sourcecode.swift; path = SoolSoolSoolApp.swift; sourceTree = "<group>"; };
		2053B56229069F60001F6C4C /* ContentView.swift */ = {isa = PBXFileReference; lastKnownFileType = sourcecode.swift; path = ContentView.swift; sourceTree = "<group>"; };
		2053B56429069F62001F6C4C /* Assets.xcassets */ = {isa = PBXFileReference; lastKnownFileType = folder.assetcatalog; path = Assets.xcassets; sourceTree = "<group>"; };
		2053B56729069F62001F6C4C /* Preview Assets.xcassets */ = {isa = PBXFileReference; lastKnownFileType = folder.assetcatalog; path = "Preview Assets.xcassets"; sourceTree = "<group>"; };
/* End PBXFileReference section */

/* Begin PBXFrameworksBuildPhase section */
		2053B55A29069F60001F6C4C /* Frameworks */ = {
			isa = PBXFrameworksBuildPhase;
			buildActionMask = 2147483647;
			files = (
				16E0AB09294222190041DEF8 /* GoogleSignIn in Frameworks */,
				16E0AB04294220AD0041DEF8 /* FirebaseDatabaseSwift in Frameworks */,
				16E0AB06294220AD0041DEF8 /* FirebaseFirestore in Frameworks */,
				16E0AB0B294222190041DEF8 /* GoogleSignInSwift in Frameworks */,
				16E0AB02294220AD0041DEF8 /* FirebaseDatabase in Frameworks */,
				16E0AB00294220AD0041DEF8 /* FirebaseAuth in Frameworks */,
			);
			runOnlyForDeploymentPostprocessing = 0;
		};
/* End PBXFrameworksBuildPhase section */

/* Begin PBXGroup section */
		168CE540292CB6C3008EEC67 /* Model */ = {
			isa = PBXGroup;
			children = (
				168CE541292CB71A008EEC67 /* Sool.swift */,
			);
			path = Model;
			sourceTree = "<group>";
		};
		16E0AB0F294224050041DEF8 /* ViewModel */ = {
			isa = PBXGroup;
			children = (
				16E0AB10294224C00041DEF8 /* AuthenticationViewModel.swift */,
			);
			path = ViewModel;
			sourceTree = "<group>";
		};
		16E39A7E2936339400D3D187 /* View */ = {
			isa = PBXGroup;
			children = (
				2053B56229069F60001F6C4C /* ContentView.swift */,
				16E39A7F293633E300D3D187 /* SoolCard.swift */,
				16E0AB122942257B0041DEF8 /* LoginView.swift */,
			);
			path = View;
			sourceTree = "<group>";
		};
		2053B55429069F60001F6C4C = {
			isa = PBXGroup;
			children = (
				2053B55F29069F60001F6C4C /* SoolSoolSool */,
				2053B55E29069F60001F6C4C /* Products */,
			);
			sourceTree = "<group>";
		};
		2053B55E29069F60001F6C4C /* Products */ = {
			isa = PBXGroup;
			children = (
				2053B55D29069F60001F6C4C /* SoolSoolSool.app */,
			);
			name = Products;
			sourceTree = "<group>";
		};
		2053B55F29069F60001F6C4C /* SoolSoolSool */ = {
			isa = PBXGroup;
			children = (
				16E0AB0F294224050041DEF8 /* ViewModel */,
				16E0AB0E294223F60041DEF8 /* Info.plist */,
				16E39A7E2936339400D3D187 /* View */,
				168CE540292CB6C3008EEC67 /* Model */,
				2053B56029069F60001F6C4C /* SoolSoolSoolApp.swift */,
				2053B56429069F62001F6C4C /* Assets.xcassets */,
				2053B56629069F62001F6C4C /* Preview Content */,
				168CE543292CB7BA008EEC67 /* loadJson.swift */,
				16E0AB0C294223E80041DEF8 /* GoogleService-Info.plist */,
			);
			path = SoolSoolSool;
			sourceTree = "<group>";
		};
		2053B56629069F62001F6C4C /* Preview Content */ = {
			isa = PBXGroup;
			children = (
				2053B56729069F62001F6C4C /* Preview Assets.xcassets */,
			);
			path = "Preview Content";
			sourceTree = "<group>";
		};
/* End PBXGroup section */

/* Begin PBXNativeTarget section */
		2053B55C29069F60001F6C4C /* SoolSoolSool */ = {
			isa = PBXNativeTarget;
			buildConfigurationList = 2053B56B29069F62001F6C4C /* Build configuration list for PBXNativeTarget "SoolSoolSool" */;
			buildPhases = (
				2053B55929069F60001F6C4C /* Sources */,
				2053B55A29069F60001F6C4C /* Frameworks */,
				2053B55B29069F60001F6C4C /* Resources */,
			);
			buildRules = (
			);
			dependencies = (
			);
			name = SoolSoolSool;
			packageProductDependencies = (
				16E0AAFF294220AD0041DEF8 /* FirebaseAuth */,
				16E0AB01294220AD0041DEF8 /* FirebaseDatabase */,
				16E0AB03294220AD0041DEF8 /* FirebaseDatabaseSwift */,
				16E0AB05294220AD0041DEF8 /* FirebaseFirestore */,
				16E0AB08294222190041DEF8 /* GoogleSignIn */,
				16E0AB0A294222190041DEF8 /* GoogleSignInSwift */,
			);
			productName = SoolSoolSool;
			productReference = 2053B55D29069F60001F6C4C /* SoolSoolSool.app */;
			productType = "com.apple.product-type.application";
		};
/* End PBXNativeTarget section */

/* Begin PBXProject section */
		2053B55529069F60001F6C4C /* Project object */ = {
			isa = PBXProject;
			attributes = {
				BuildIndependentTargetsInParallel = 1;
				LastSwiftUpdateCheck = 1400;
				LastUpgradeCheck = 1400;
				TargetAttributes = {
					2053B55C29069F60001F6C4C = {
						CreatedOnToolsVersion = 14.0.1;
					};
				};
			};
			buildConfigurationList = 2053B55829069F60001F6C4C /* Build configuration list for PBXProject "SoolSoolSool" */;
			compatibilityVersion = "Xcode 14.0";
			developmentRegion = en;
			hasScannedForEncodings = 0;
			knownRegions = (
				en,
				Base,
			);
			mainGroup = 2053B55429069F60001F6C4C;
			packageReferences = (
				16E0AAFE294220AD0041DEF8 /* XCRemoteSwiftPackageReference "firebase-ios-sdk" */,
				16E0AB07294222190041DEF8 /* XCRemoteSwiftPackageReference "GoogleSignIn-iOS" */,
			);
			productRefGroup = 2053B55E29069F60001F6C4C /* Products */;
			projectDirPath = "";
			projectRoot = "";
			targets = (
				2053B55C29069F60001F6C4C /* SoolSoolSool */,
			);
		};
/* End PBXProject section */

/* Begin PBXResourcesBuildPhase section */
		2053B55B29069F60001F6C4C /* Resources */ = {
			isa = PBXResourcesBuildPhase;
			buildActionMask = 2147483647;
			files = (
				2053B56829069F62001F6C4C /* Preview Assets.xcassets in Resources */,
				2053B56529069F62001F6C4C /* Assets.xcassets in Resources */,
				16E0AB0D294223E80041DEF8 /* GoogleService-Info.plist in Resources */,
			);
			runOnlyForDeploymentPostprocessing = 0;
		};
/* End PBXResourcesBuildPhase section */

/* Begin PBXSourcesBuildPhase section */
		2053B55929069F60001F6C4C /* Sources */ = {
			isa = PBXSourcesBuildPhase;
			buildActionMask = 2147483647;
			files = (
				16E0AB11294224C00041DEF8 /* AuthenticationViewModel.swift in Sources */,
				16E0AB132942257B0041DEF8 /* LoginView.swift in Sources */,
				168CE542292CB71A008EEC67 /* Sool.swift in Sources */,
				2053B56329069F60001F6C4C /* ContentView.swift in Sources */,
				2053B56129069F60001F6C4C /* SoolSoolSoolApp.swift in Sources */,
				168CE544292CB7BA008EEC67 /* loadJson.swift in Sources */,
				16E39A80293633E300D3D187 /* SoolCard.swift in Sources */,
			);
			runOnlyForDeploymentPostprocessing = 0;
		};
/* End PBXSourcesBuildPhase section */

/* Begin XCBuildConfiguration section */
		2053B56929069F62001F6C4C /* Debug */ = {
			isa = XCBuildConfiguration;
			buildSettings = {
				ALWAYS_SEARCH_USER_PATHS = NO;
				CLANG_ANALYZER_NONNULL = YES;
				CLANG_ANALYZER_NUMBER_OBJECT_CONVERSION = YES_AGGRESSIVE;
				CLANG_CXX_LANGUAGE_STANDARD = "gnu++20";
				CLANG_ENABLE_MODULES = YES;
				CLANG_ENABLE_OBJC_ARC = YES;
				CLANG_ENABLE_OBJC_WEAK = YES;
				CLANG_WARN_BLOCK_CAPTURE_AUTORELEASING = YES;
				CLANG_WARN_BOOL_CONVERSION = YES;
				CLANG_WARN_COMMA = YES;
				CLANG_WARN_CONSTANT_CONVERSION = YES;
				CLANG_WARN_DEPRECATED_OBJC_IMPLEMENTATIONS = YES;
				CLANG_WARN_DIRECT_OBJC_ISA_USAGE = YES_ERROR;
				CLANG_WARN_DOCUMENTATION_COMMENTS = YES;
				CLANG_WARN_EMPTY_BODY = YES;
				CLANG_WARN_ENUM_CONVERSION = YES;
				CLANG_WARN_INFINITE_RECURSION = YES;
				CLANG_WARN_INT_CONVERSION = YES;
				CLANG_WARN_NON_LITERAL_NULL_CONVERSION = YES;
				CLANG_WARN_OBJC_IMPLICIT_RETAIN_SELF = YES;
				CLANG_WARN_OBJC_LITERAL_CONVERSION = YES;
				CLANG_WARN_OBJC_ROOT_CLASS = YES_ERROR;
				CLANG_WARN_QUOTED_INCLUDE_IN_FRAMEWORK_HEADER = YES;
				CLANG_WARN_RANGE_LOOP_ANALYSIS = YES;
				CLANG_WARN_STRICT_PROTOTYPES = YES;
				CLANG_WARN_SUSPICIOUS_MOVE = YES;
				CLANG_WARN_UNGUARDED_AVAILABILITY = YES_AGGRESSIVE;
				CLANG_WARN_UNREACHABLE_CODE = YES;
				CLANG_WARN__DUPLICATE_METHOD_MATCH = YES;
				COPY_PHASE_STRIP = NO;
				DEBUG_INFORMATION_FORMAT = dwarf;
				ENABLE_STRICT_OBJC_MSGSEND = YES;
				ENABLE_TESTABILITY = YES;
				GCC_C_LANGUAGE_STANDARD = gnu11;
				GCC_DYNAMIC_NO_PIC = NO;
				GCC_NO_COMMON_BLOCKS = YES;
				GCC_OPTIMIZATION_LEVEL = 0;
				GCC_PREPROCESSOR_DEFINITIONS = (
					"DEBUG=1",
					"$(inherited)",
				);
				GCC_WARN_64_TO_32_BIT_CONVERSION = YES;
				GCC_WARN_ABOUT_RETURN_TYPE = YES_ERROR;
				GCC_WARN_UNDECLARED_SELECTOR = YES;
				GCC_WARN_UNINITIALIZED_AUTOS = YES_AGGRESSIVE;
				GCC_WARN_UNUSED_FUNCTION = YES;
				GCC_WARN_UNUSED_VARIABLE = YES;
				IPHONEOS_DEPLOYMENT_TARGET = 16.0;
				MTL_ENABLE_DEBUG_INFO = INCLUDE_SOURCE;
				MTL_FAST_MATH = YES;
				ONLY_ACTIVE_ARCH = YES;
				SDKROOT = iphoneos;
				SWIFT_ACTIVE_COMPILATION_CONDITIONS = DEBUG;
				SWIFT_OPTIMIZATION_LEVEL = "-Onone";
			};
			name = Debug;
		};
		2053B56A29069F62001F6C4C /* Release */ = {
			isa = XCBuildConfiguration;
			buildSettings = {
				ALWAYS_SEARCH_USER_PATHS = NO;
				CLANG_ANALYZER_NONNULL = YES;
				CLANG_ANALYZER_NUMBER_OBJECT_CONVERSION = YES_AGGRESSIVE;
				CLANG_CXX_LANGUAGE_STANDARD = "gnu++20";
				CLANG_ENABLE_MODULES = YES;
				CLANG_ENABLE_OBJC_ARC = YES;
				CLANG_ENABLE_OBJC_WEAK = YES;
				CLANG_WARN_BLOCK_CAPTURE_AUTORELEASING = YES;
				CLANG_WARN_BOOL_CONVERSION = YES;
				CLANG_WARN_COMMA = YES;
				CLANG_WARN_CONSTANT_CONVERSION = YES;
				CLANG_WARN_DEPRECATED_OBJC_IMPLEMENTATIONS = YES;
				CLANG_WARN_DIRECT_OBJC_ISA_USAGE = YES_ERROR;
				CLANG_WARN_DOCUMENTATION_COMMENTS = YES;
				CLANG_WARN_EMPTY_BODY = YES;
				CLANG_WARN_ENUM_CONVERSION = YES;
				CLANG_WARN_INFINITE_RECURSION = YES;
				CLANG_WARN_INT_CONVERSION = YES;
				CLANG_WARN_NON_LITERAL_NULL_CONVERSION = YES;
				CLANG_WARN_OBJC_IMPLICIT_RETAIN_SELF = YES;
				CLANG_WARN_OBJC_LITERAL_CONVERSION = YES;
				CLANG_WARN_OBJC_ROOT_CLASS = YES_ERROR;
				CLANG_WARN_QUOTED_INCLUDE_IN_FRAMEWORK_HEADER = YES;
				CLANG_WARN_RANGE_LOOP_ANALYSIS = YES;
				CLANG_WARN_STRICT_PROTOTYPES = YES;
				CLANG_WARN_SUSPICIOUS_MOVE = YES;
				CLANG_WARN_UNGUARDED_AVAILABILITY = YES_AGGRESSIVE;
				CLANG_WARN_UNREACHABLE_CODE = YES;
				CLANG_WARN__DUPLICATE_METHOD_MATCH = YES;
				COPY_PHASE_STRIP = NO;
				DEBUG_INFORMATION_FORMAT = "dwarf-with-dsym";
				ENABLE_NS_ASSERTIONS = NO;
				ENABLE_STRICT_OBJC_MSGSEND = YES;
				GCC_C_LANGUAGE_STANDARD = gnu11;
				GCC_NO_COMMON_BLOCKS = YES;
				GCC_WARN_64_TO_32_BIT_CONVERSION = YES;
				GCC_WARN_ABOUT_RETURN_TYPE = YES_ERROR;
				GCC_WARN_UNDECLARED_SELECTOR = YES;
				GCC_WARN_UNINITIALIZED_AUTOS = YES_AGGRESSIVE;
				GCC_WARN_UNUSED_FUNCTION = YES;
				GCC_WARN_UNUSED_VARIABLE = YES;
				IPHONEOS_DEPLOYMENT_TARGET = 16.0;
				MTL_ENABLE_DEBUG_INFO = NO;
				MTL_FAST_MATH = YES;
				SDKROOT = iphoneos;
				SWIFT_COMPILATION_MODE = wholemodule;
				SWIFT_OPTIMIZATION_LEVEL = "-O";
				VALIDATE_PRODUCT = YES;
			};
			name = Release;
		};
		2053B56C29069F62001F6C4C /* Debug */ = {
			isa = XCBuildConfiguration;
			buildSettings = {
				ASSETCATALOG_COMPILER_APPICON_NAME = AppIcon;
				ASSETCATALOG_COMPILER_GLOBAL_ACCENT_COLOR_NAME = AccentColor;
				CODE_SIGN_STYLE = Automatic;
				CURRENT_PROJECT_VERSION = 1;
				DEVELOPMENT_ASSET_PATHS = "\"SoolSoolSool/Preview Content\"";
				ENABLE_PREVIEWS = YES;
				GENERATE_INFOPLIST_FILE = YES;
				INFOPLIST_FILE = SoolSoolSool/Info.plist;
				INFOPLIST_KEY_UIApplicationSceneManifest_Generation = YES;
				INFOPLIST_KEY_UIApplicationSupportsIndirectInputEvents = YES;
				INFOPLIST_KEY_UILaunchScreen_Generation = YES;
				INFOPLIST_KEY_UISupportedInterfaceOrientations_iPad = "UIInterfaceOrientationPortrait UIInterfaceOrientationPortraitUpsideDown UIInterfaceOrientationLandscapeLeft UIInterfaceOrientationLandscapeRight";
				INFOPLIST_KEY_UISupportedInterfaceOrientations_iPhone = "UIInterfaceOrientationPortrait UIInterfaceOrientationLandscapeLeft UIInterfaceOrientationLandscapeRight";
				LD_RUNPATH_SEARCH_PATHS = (
					"$(inherited)",
					"@executable_path/Frameworks",
				);
				MARKETING_VERSION = 1.0;
				PRODUCT_BUNDLE_IDENTIFIER = com.sancheck.SoolSoolSool;
				PRODUCT_NAME = "$(TARGET_NAME)";
				SWIFT_EMIT_LOC_STRINGS = YES;
				SWIFT_VERSION = 5.0;
				TARGETED_DEVICE_FAMILY = "1,2";
			};
			name = Debug;
		};
		2053B56D29069F62001F6C4C /* Release */ = {
			isa = XCBuildConfiguration;
			buildSettings = {
				ASSETCATALOG_COMPILER_APPICON_NAME = AppIcon;
				ASSETCATALOG_COMPILER_GLOBAL_ACCENT_COLOR_NAME = AccentColor;
				CODE_SIGN_STYLE = Automatic;
				CURRENT_PROJECT_VERSION = 1;
				DEVELOPMENT_ASSET_PATHS = "\"SoolSoolSool/Preview Content\"";
				ENABLE_PREVIEWS = YES;
				GENERATE_INFOPLIST_FILE = YES;
				INFOPLIST_FILE = SoolSoolSool/Info.plist;
				INFOPLIST_KEY_UIApplicationSceneManifest_Generation = YES;
				INFOPLIST_KEY_UIApplicationSupportsIndirectInputEvents = YES;
				INFOPLIST_KEY_UILaunchScreen_Generation = YES;
				INFOPLIST_KEY_UISupportedInterfaceOrientations_iPad = "UIInterfaceOrientationPortrait UIInterfaceOrientationPortraitUpsideDown UIInterfaceOrientationLandscapeLeft UIInterfaceOrientationLandscapeRight";
				INFOPLIST_KEY_UISupportedInterfaceOrientations_iPhone = "UIInterfaceOrientationPortrait UIInterfaceOrientationLandscapeLeft UIInterfaceOrientationLandscapeRight";
				LD_RUNPATH_SEARCH_PATHS = (
					"$(inherited)",
					"@executable_path/Frameworks",
				);
				MARKETING_VERSION = 1.0;
				PRODUCT_BUNDLE_IDENTIFIER = com.sancheck.SoolSoolSool;
				PRODUCT_NAME = "$(TARGET_NAME)";
				SWIFT_EMIT_LOC_STRINGS = YES;
				SWIFT_VERSION = 5.0;
				TARGETED_DEVICE_FAMILY = "1,2";
			};
			name = Release;
		};
/* End XCBuildConfiguration section */

/* Begin XCConfigurationList section */
		2053B55829069F60001F6C4C /* Build configuration list for PBXProject "SoolSoolSool" */ = {
			isa = XCConfigurationList;
			buildConfigurations = (
				2053B56929069F62001F6C4C /* Debug */,
				2053B56A29069F62001F6C4C /* Release */,
			);
			defaultConfigurationIsVisible = 0;
			defaultConfigurationName = Release;
		};
		2053B56B29069F62001F6C4C /* Build configuration list for PBXNativeTarget "SoolSoolSool" */ = {
			isa = XCConfigurationList;
			buildConfigurations = (
				2053B56C29069F62001F6C4C /* Debug */,
				2053B56D29069F62001F6C4C /* Release */,
			);
			defaultConfigurationIsVisible = 0;
			defaultConfigurationName = Release;
		};
/* End XCConfigurationList section */

/* Begin XCRemoteSwiftPackageReference section */
		16E0AAFE294220AD0041DEF8 /* XCRemoteSwiftPackageReference "firebase-ios-sdk" */ = {
			isa = XCRemoteSwiftPackageReference;
			repositoryURL = "https://github.com/firebase/firebase-ios-sdk.git";
			requirement = {
				kind = upToNextMajorVersion;
				minimumVersion = 9.0.0;
			};
		};
		16E0AB07294222190041DEF8 /* XCRemoteSwiftPackageReference "GoogleSignIn-iOS" */ = {
			isa = XCRemoteSwiftPackageReference;
			repositoryURL = "https://github.com/google/GoogleSignIn-iOS";
			requirement = {
				kind = upToNextMajorVersion;
				minimumVersion = 6.0.0;
			};
		};
/* End XCRemoteSwiftPackageReference section */

/* Begin XCSwiftPackageProductDependency section */
		16E0AAFF294220AD0041DEF8 /* FirebaseAuth */ = {
			isa = XCSwiftPackageProductDependency;
			package = 16E0AAFE294220AD0041DEF8 /* XCRemoteSwiftPackageReference "firebase-ios-sdk" */;
			productName = FirebaseAuth;
		};
		16E0AB01294220AD0041DEF8 /* FirebaseDatabase */ = {
			isa = XCSwiftPackageProductDependency;
			package = 16E0AAFE294220AD0041DEF8 /* XCRemoteSwiftPackageReference "firebase-ios-sdk" */;
			productName = FirebaseDatabase;
		};
		16E0AB03294220AD0041DEF8 /* FirebaseDatabaseSwift */ = {
			isa = XCSwiftPackageProductDependency;
			package = 16E0AAFE294220AD0041DEF8 /* XCRemoteSwiftPackageReference "firebase-ios-sdk" */;
			productName = FirebaseDatabaseSwift;
		};
		16E0AB05294220AD0041DEF8 /* FirebaseFirestore */ = {
			isa = XCSwiftPackageProductDependency;
			package = 16E0AAFE294220AD0041DEF8 /* XCRemoteSwiftPackageReference "firebase-ios-sdk" */;
			productName = FirebaseFirestore;
		};
		16E0AB08294222190041DEF8 /* GoogleSignIn */ = {
			isa = XCSwiftPackageProductDependency;
			package = 16E0AB07294222190041DEF8 /* XCRemoteSwiftPackageReference "GoogleSignIn-iOS" */;
			productName = GoogleSignIn;
		};
		16E0AB0A294222190041DEF8 /* GoogleSignInSwift */ = {
			isa = XCSwiftPackageProductDependency;
			package = 16E0AB07294222190041DEF8 /* XCRemoteSwiftPackageReference "GoogleSignIn-iOS" */;
			productName = GoogleSignInSwift;
		};
/* End XCSwiftPackageProductDependency section */
	};
	rootObject = 2053B55529069F60001F6C4C /* Project object */;
}
